
Microsoft Visual Studio Solution File, Format Version 10.00
# Visual Studio 2008
Project("{8BC9CEB8-8B4A-11D0-8D11-00A0C91BC942}") = "captureScreen", "captureScreen\captureScreen.vcproj", "{61D1225E-92C4-4FCC-AB9F-EA2CD20920F9}"
EndProject
Global
	GlobalSection(SolutionConfigurationPlatforms) = preSolution
		Debug|Win32 = Debug|Win32
		Release|Win32 = Release|Win32
	EndGlobalSection
	GlobalSection(ProjectConfigurationPlatforms) = postSolution
		{61D1225E-92C4-4FCC-AB9F-EA2CD20920F9}.Debug|Win32.ActiveCfg = Debug|Win32
		{61D1225E-92C4-4FCC-AB9F-EA2CD20920F9}.Debug|Win32.Build.0 = Debug|Win32
		{61D1225E-92C4-4FCC-AB9F-EA2CD20920F9}.Release|Win32.ActiveCfg = Release|Win32
		{61D1225E-92C4-4FCC-AB9F-EA2CD20920F9}.Release|Win32.Build.0 = Release|Win32
	EndGlobalSection
	GlobalSection(SolutionProperties) = preSolution
		HideSolutionNode = FALSE
	EndGlobalSection
EndGlobal
